
Microsoft Visual Studio Solution File, Format Version 12.00
# Visual Studio Version 16
VisualStudioVersion = 16.0.30011.22
MinimumVisualStudioVersion = 10.0.40219.1
Project("{FAE04EC0-301F-11D3-BF4B-00C04F79EFBC}") = "Ef6CoreForPosgreSQL", "Ef6CoreForPosgreSQL.csproj", "{BDDE5EC0-544E-4A0A-BD5F-9F42DBEA42EB}"
EndProject
Global
	GlobalSection(SolutionConfigurationPlatforms) = preSolution
		Debug|Any CPU = Debug|Any CPU
		Release|Any CPU = Release|Any CPU
	EndGlobalSection
	GlobalSection(ProjectConfigurationPlatforms) = postSolution
		{BDDE5EC0-544E-4A0A-BD5F-9F42DBEA42EB}.Debug|Any CPU.ActiveCfg = Debug|Any CPU
		{BDDE5EC0-544E-4A0A-BD5F-9F42DBEA42EB}.Debug|Any CPU.Build.0 = Debug|Any CPU
		{BDDE5EC0-544E-4A0A-BD5F-9F42DBEA42EB}.Release|Any CPU.ActiveCfg = Release|Any CPU
		{BDDE5EC0-544E-4A0A-BD5F-9F42DBEA42EB}.Release|Any CPU.Build.0 = Release|Any CPU
	EndGlobalSection
	GlobalSection(SolutionProperties) = preSolution
		HideSolutionNode = FALSE
	EndGlobalSection
	GlobalSection(ExtensibilityGlobals) = postSolution
		SolutionGuid = {C6D4631A-0485-405C-A62B-F87FD6A969D7}
	EndGlobalSection
EndGlobal
